{
  "name": "@replit-svelte/utils",
  "version": "1.0.0",
  "lockfileVersion": 3,
  "requires": true,
  "packages": {
    "": {
      "name": "@replit-svelte/utils",
      "version": "1.0.0",
      "devDependencies": {
        "@replit-svelte/types": "^1.0.7"
      },
      "peerDependencies": {
        "svelte": "^3.59.2"
      }
    },
    "node_modules/@replit-svelte/types": {
      "version": "1.0.7",
      "resolved": "https://registry.npmjs.org/@replit-svelte/types/-/types-1.0.7.tgz",
      "integrity": "sha512-gJ5X350vQowdWfwPwJOrDyEl5JmsT6ZrWrCrGJ1vuM8tGiexupYK0rCJo6NJ6H/tiK0RmSSLrsMW4Yrz5tkTIw==",
      "dev": true,
      "peerDependencies": {
        "svelte": "^3.59.2"
      }
    },
    "node_modules/svelte": {
      "version": "3.59.2",
      "resolved": "https://registry.npmjs.org/svelte/-/svelte-3.59.2.tgz",
      "integrity": "sha512-vzSyuGr3eEoAtT/A6bmajosJZIUWySzY2CzB3w2pgPvnkUjGqlDnsNnA0PMO+mMAhuyMul6C2uuZzY6ELSkzyA==",
      "peer": true,
      "engines": {
        "node": ">= 8"
      }
    }
  }
}
