lockfileVersion: '6.0'

settings:
  autoInstallPeers: true
  excludeLinksFromLockfile: false

dependencies:
  svelte:
    specifier: ^3.59.2
    version: 3.59.2

devDependencies:
  '@replit-svelte/types':
    specifier: ^1.0.7
    version: 1.0.7(svelte@3.59.2)
  prettier:
    specifier: ^2.8.8
    version: 2.8.8

packages:

  /@replit-svelte/types@1.0.7(svelte@3.59.2):
    resolution: {integrity: sha512-gJ5X350vQowdWfwPwJOrDyEl5JmsT6ZrWrCrGJ1vuM8tGiexupYK0rCJo6NJ6H/tiK0RmSSLrsMW4Yrz5tkTIw==}
    peerDependencies:
      svelte: ^3.59.2
    dependencies:
      svelte: 3.59.2
    dev: true

  /prettier@2.8.8:
    resolution: {integrity: sha512-tdN8qQGvNjw4CHbY+XXk0JgCXn9QiF21a55rBe5LJAU+kDyC4WQn4+awm2Xfk2lQMk5fKup9XgzTZtGkjBdP9Q==}
    engines: {node: '>=10.13.0'}
    hasBin: true
    dev: true

  /svelte@3.59.2:
    resolution: {integrity: sha512-vzSyuGr3eEoAtT/A6bmajosJZIUWySzY2CzB3w2pgPvnkUjGqlDnsNnA0PMO+mMAhuyMul6C2uuZzY6ELSkzyA==}
    engines: {node: '>= 8'}
